{
  "name": "2D Pathfinding",
  "version": "3.6.2",
  "lockfileVersion": 2,
  "requires": true,
  "packages": {
    "": {
      "name": "2D Pathfinding",
      "version": "3.6.2",
      "dependencies": {
        "@types/pathfinding": "^0.0.6",
        "density-clustering": "^1.3.0",
        "hull.js": "^1.0.3",
        "pathfinding": "^0.4.18"
      }
    },
    "node_modules/@types/pathfinding": {
      "version": "0.0.6",
      "resolved": "https://registry.npmjs.org/@types/pathfinding/-/pathfinding-0.0.6.tgz",
      "integrity": "sha512-yk2LRAKAOW6m1g/4le8tk8go6wjNmCq2EA1l6Rw3tkBautda3FkBzgCLdSNUPiTZPkjxI/OYBwHmJWoYUSk7RQ=="
    },
    "node_modules/density-clustering": {
      "version": "1.3.0",
      "resolved": "https://registry.npmjs.org/density-clustering/-/density-clustering-1.3.0.tgz",
      "integrity": "sha512-icpmBubVTwLnsaor9qH/4tG5+7+f61VcqMN3V3pm9sxxSCt2Jcs0zWOgwZW9ARJYaKD3FumIgHiMOcIMRRAzFQ=="
    },
    "node_modules/heap": {
      "version": "0.2.5",
      "resolved": "https://registry.npmjs.org/heap/-/heap-0.2.5.tgz",
      "integrity": "sha512-G7HLD+WKcrOyJP5VQwYZNC3Z6FcQ7YYjEFiFoIj8PfEr73mu421o8B1N5DKUcc8K37EsJ2XXWA8DtrDz/2dReg=="
    },
    "node_modules/hull.js": {
      "version": "1.0.3",
      "resolved": "https://registry.npmjs.org/hull.js/-/hull.js-1.0.3.tgz",
      "integrity": "sha512-CM6zaH0+3mdmjmvJnpxfmJ6K7juoF0GnmjE1g+m5JRj+ynP23VwSoUtIuVUePF9icr1J1/1zybhscCltyftAaw=="
    },
    "node_modules/pathfinding": {
      "version": "0.4.18",
      "resolved": "https://registry.npmjs.org/pathfinding/-/pathfinding-0.4.18.tgz",
      "integrity": "sha512-R0TGEQ9GRcFCDvAWlJAWC+KGJ9SLbW4c0nuZRcioVlXVTlw+F5RvXQ8SQgSqI9KXWC1ew95vgmIiyaWTlCe9Ag==",
      "dependencies": {
        "heap": "0.2.5"
      }
    }
  },
  "dependencies": {
    "@types/pathfinding": {
      "version": "0.0.6",
      "resolved": "https://registry.npmjs.org/@types/pathfinding/-/pathfinding-0.0.6.tgz",
      "integrity": "sha512-yk2LRAKAOW6m1g/4le8tk8go6wjNmCq2EA1l6Rw3tkBautda3FkBzgCLdSNUPiTZPkjxI/OYBwHmJWoYUSk7RQ=="
    },
    "density-clustering": {
      "version": "1.3.0",
      "resolved": "https://registry.npmjs.org/density-clustering/-/density-clustering-1.3.0.tgz",
      "integrity": "sha512-icpmBubVTwLnsaor9qH/4tG5+7+f61VcqMN3V3pm9sxxSCt2Jcs0zWOgwZW9ARJYaKD3FumIgHiMOcIMRRAzFQ=="
    },
    "heap": {
      "version": "0.2.5",
      "resolved": "https://registry.npmjs.org/heap/-/heap-0.2.5.tgz",
      "integrity": "sha512-G7HLD+WKcrOyJP5VQwYZNC3Z6FcQ7YYjEFiFoIj8PfEr73mu421o8B1N5DKUcc8K37EsJ2XXWA8DtrDz/2dReg=="
    },
    "hull.js": {
      "version": "1.0.3",
      "resolved": "https://registry.npmjs.org/hull.js/-/hull.js-1.0.3.tgz",
      "integrity": "sha512-CM6zaH0+3mdmjmvJnpxfmJ6K7juoF0GnmjE1g+m5JRj+ynP23VwSoUtIuVUePF9icr1J1/1zybhscCltyftAaw=="
    },
    "pathfinding": {
      "version": "0.4.18",
      "resolved": "https://registry.npmjs.org/pathfinding/-/pathfinding-0.4.18.tgz",
      "integrity": "sha512-R0TGEQ9GRcFCDvAWlJAWC+KGJ9SLbW4c0nuZRcioVlXVTlw+F5RvXQ8SQgSqI9KXWC1ew95vgmIiyaWTlCe9Ag==",
      "requires": {
        "heap": "0.2.5"
      }
    }
  }
}
